
Microsoft Visual Studio Solution File, Format Version 12.00
# Visual Studio Version 17
VisualStudioVersion = 17.7.34031.279
MinimumVisualStudioVersion = 10.0.40219.1
Project("{8BC9CEB8-8B4A-11D0-8D11-00A0C91BC942}") = "CSC414Team2_CryptopalsSoftwareSuite", "CSC414Team2_CryptopalsSoftwareSuite\CSC414Team2_CryptopalsSoftwareSuite.vcxproj", "{75606D37-8355-4008-99A3-AC368D5BA69C}"
EndProject
Project("{8BC9CEB8-8B4A-11D0-8D11-00A0C91BC942}") = "CryptopalsTests", "CryptopalsTests\CryptopalsTests.vcxproj", "{832B6147-79D9-48FE-927C-C0F8E30A4D1D}"
	ProjectSection(ProjectDependencies) = postProject
		{75606D37-8355-4008-99A3-AC368D5BA69C} = {75606D37-8355-4008-99A3-AC368D5BA69C}
	EndProjectSection
EndProject
Global
	GlobalSection(SolutionConfigurationPlatforms) = preSolution
		Debug|x64 = Debug|x64
		Debug|x86 = Debug|x86
		Release|x64 = Release|x64
		Release|x86 = Release|x86
	EndGlobalSection
	GlobalSection(ProjectConfigurationPlatforms) = postSolution
		{75606D37-8355-4008-99A3-AC368D5BA69C}.Debug|x64.ActiveCfg = Debug|x64
		{75606D37-8355-4008-99A3-AC368D5BA69C}.Debug|x64.Build.0 = Debug|x64
		{75606D37-8355-4008-99A3-AC368D5BA69C}.Debug|x86.ActiveCfg = Debug|Win32
		{75606D37-8355-4008-99A3-AC368D5BA69C}.Debug|x86.Build.0 = Debug|Win32
		{75606D37-8355-4008-99A3-AC368D5BA69C}.Release|x64.ActiveCfg = Release|x64
		{75606D37-8355-4008-99A3-AC368D5BA69C}.Release|x64.Build.0 = Release|x64
		{75606D37-8355-4008-99A3-AC368D5BA69C}.Release|x86.ActiveCfg = Release|Win32
		{75606D37-8355-4008-99A3-AC368D5BA69C}.Release|x86.Build.0 = Release|Win32
		{832B6147-79D9-48FE-927C-C0F8E30A4D1D}.Debug|x64.ActiveCfg = Debug|x64
		{832B6147-79D9-48FE-927C-C0F8E30A4D1D}.Debug|x64.Build.0 = Debug|x64
		{832B6147-79D9-48FE-927C-C0F8E30A4D1D}.Debug|x86.ActiveCfg = Debug|Win32
		{832B6147-79D9-48FE-927C-C0F8E30A4D1D}.Debug|x86.Build.0 = Debug|Win32
		{832B6147-79D9-48FE-927C-C0F8E30A4D1D}.Release|x64.ActiveCfg = Release|x64
		{832B6147-79D9-48FE-927C-C0F8E30A4D1D}.Release|x64.Build.0 = Release|x64
		{832B6147-79D9-48FE-927C-C0F8E30A4D1D}.Release|x86.ActiveCfg = Release|Win32
		{832B6147-79D9-48FE-927C-C0F8E30A4D1D}.Release|x86.Build.0 = Release|Win32
	EndGlobalSection
	GlobalSection(SolutionProperties) = preSolution
		HideSolutionNode = FALSE
	EndGlobalSection
	GlobalSection(ExtensibilityGlobals) = postSolution
		SolutionGuid = {5432F235-F84F-4768-83DC-34D668A0CEDE}
	EndGlobalSection
EndGlobal
